
Microsoft Visual Studio Solution File, Format Version 12.00
# Visual Studio 2012
Project("{D954291E-2A0B-460D-934E-DC6B0785DB48}") = "HamUtil", "HamUtil\HamUtil.shproj", "{AC8A791D-4372-484B-B64D-FAB164800A78}"
EndProject
Project("{FAE04EC0-301F-11D3-BF4B-00C04F79EFBC}") = "HamUtil.iOS", "iOS\HamUtil.iOS.csproj", "{86911E92-79A2-494D-A5F0-18FE0132CE84}"
EndProject
Project("{FAE04EC0-301F-11D3-BF4B-00C04F79EFBC}") = "HamUtil.Droid", "Droid\HamUtil.Droid.csproj", "{9BC71B7E-C9B9-46D7-99C2-808D58EEFA07}"
EndProject
Global
	GlobalSection(SolutionConfigurationPlatforms) = preSolution
		Debug|iPhoneSimulator = Debug|iPhoneSimulator
		Release|iPhone = Release|iPhone
		Release|iPhoneSimulator = Release|iPhoneSimulator
		Debug|iPhone = Debug|iPhone
		Debug|Any CPU = Debug|Any CPU
		Release|Any CPU = Release|Any CPU
	EndGlobalSection
	GlobalSection(ProjectConfigurationPlatforms) = postSolution
		{86911E92-79A2-494D-A5F0-18FE0132CE84}.Debug|iPhoneSimulator.ActiveCfg = Debug|iPhoneSimulator
		{86911E92-79A2-494D-A5F0-18FE0132CE84}.Debug|iPhoneSimulator.Build.0 = Debug|iPhoneSimulator
		{86911E92-79A2-494D-A5F0-18FE0132CE84}.Release|iPhone.ActiveCfg = Release|iPhone
		{86911E92-79A2-494D-A5F0-18FE0132CE84}.Release|iPhone.Build.0 = Release|iPhone
		{86911E92-79A2-494D-A5F0-18FE0132CE84}.Release|iPhoneSimulator.ActiveCfg = Release|iPhoneSimulator
		{86911E92-79A2-494D-A5F0-18FE0132CE84}.Release|iPhoneSimulator.Build.0 = Release|iPhoneSimulator
		{86911E92-79A2-494D-A5F0-18FE0132CE84}.Debug|iPhone.ActiveCfg = Debug|iPhone
		{86911E92-79A2-494D-A5F0-18FE0132CE84}.Debug|iPhone.Build.0 = Debug|iPhone
		{86911E92-79A2-494D-A5F0-18FE0132CE84}.Debug|Any CPU.ActiveCfg = Debug|iPhoneSimulator
		{86911E92-79A2-494D-A5F0-18FE0132CE84}.Debug|Any CPU.Build.0 = Debug|iPhoneSimulator
		{86911E92-79A2-494D-A5F0-18FE0132CE84}.Release|Any CPU.ActiveCfg = Release|iPhone
		{86911E92-79A2-494D-A5F0-18FE0132CE84}.Release|Any CPU.Build.0 = Release|iPhone
		{9BC71B7E-C9B9-46D7-99C2-808D58EEFA07}.Debug|iPhoneSimulator.ActiveCfg = Debug|Any CPU
		{9BC71B7E-C9B9-46D7-99C2-808D58EEFA07}.Debug|iPhoneSimulator.Build.0 = Debug|Any CPU
		{9BC71B7E-C9B9-46D7-99C2-808D58EEFA07}.Release|iPhone.ActiveCfg = Release|Any CPU
		{9BC71B7E-C9B9-46D7-99C2-808D58EEFA07}.Release|iPhone.Build.0 = Release|Any CPU
		{9BC71B7E-C9B9-46D7-99C2-808D58EEFA07}.Release|iPhoneSimulator.ActiveCfg = Release|Any CPU
		{9BC71B7E-C9B9-46D7-99C2-808D58EEFA07}.Release|iPhoneSimulator.Build.0 = Release|Any CPU
		{9BC71B7E-C9B9-46D7-99C2-808D58EEFA07}.Debug|iPhone.ActiveCfg = Debug|Any CPU
		{9BC71B7E-C9B9-46D7-99C2-808D58EEFA07}.Debug|iPhone.Build.0 = Debug|Any CPU
		{9BC71B7E-C9B9-46D7-99C2-808D58EEFA07}.Debug|Any CPU.ActiveCfg = Debug|Any CPU
		{9BC71B7E-C9B9-46D7-99C2-808D58EEFA07}.Debug|Any CPU.Build.0 = Debug|Any CPU
		{9BC71B7E-C9B9-46D7-99C2-808D58EEFA07}.Release|Any CPU.ActiveCfg = Release|Any CPU
		{9BC71B7E-C9B9-46D7-99C2-808D58EEFA07}.Release|Any CPU.Build.0 = Release|Any CPU
	EndGlobalSection
EndGlobal
